
Microsoft Visual Studio Solution File, Format Version 12.00
# Visual Studio Version 17
VisualStudioVersion = 17.8.34322.80
MinimumVisualStudioVersion = 10.0.40219.1
Project("{FAE04EC0-301F-11D3-BF4B-00C04F79EFBC}") = "Simple_Clicker", "Simple_Clicker\Simple_Clicker.csproj", "{F087933B-E156-4D7D-BF59-82284136A405}"
EndProject
Global
	GlobalSection(SolutionConfigurationPlatforms) = preSolution
		Debug|Any CPU = Debug|Any CPU
		Release|Any CPU = Release|Any CPU
	EndGlobalSection
	GlobalSection(ProjectConfigurationPlatforms) = postSolution
		{F087933B-E156-4D7D-BF59-82284136A405}.Debug|Any CPU.ActiveCfg = Debug|Any CPU
		{F087933B-E156-4D7D-BF59-82284136A405}.Debug|Any CPU.Build.0 = Debug|Any CPU
		{F087933B-E156-4D7D-BF59-82284136A405}.Release|Any CPU.ActiveCfg = Release|Any CPU
		{F087933B-E156-4D7D-BF59-82284136A405}.Release|Any CPU.Build.0 = Release|Any CPU
	EndGlobalSection
	GlobalSection(SolutionProperties) = preSolution
		HideSolutionNode = FALSE
	EndGlobalSection
	GlobalSection(ExtensibilityGlobals) = postSolution
		SolutionGuid = {0864651B-1A5A-41CE-B5C3-219906650AFE}
	EndGlobalSection
EndGlobal
